// !$*UTF8*$!
{
	archiveVersion = 1;
	classes = {
	};
	objectVersion = 56;
	objects = {

/* Begin PBXBuildFile section */
		69A624158F7F72A01082734D /* Pods_GEELY_GEELYUITests.framework in Frameworks */ = {isa = PBXBuildFile; fileRef = C6CA181DE57E52F7CDD7C489 /* Pods_GEELY_GEELYUITests.framework */; };
		8739077C026F1A03211000A5 /* Pods_GEELY.framework in Frameworks */ = {isa = PBXBuildFile; fileRef = C5A81AABEB7DF79F677BF3E3 /* Pods_GEELY.framework */; };
		922CE85A4A18552D1E55876E /* Pods_GEELYTests.framework in Frameworks */ = {isa = PBXBuildFile; fileRef = 78BB8FA711F0D79BD2AC16F4 /* Pods_GEELYTests.framework */; };
		D154CD12293E0DC700986B57 /* APIHandler.swift in Sources */ = {isa = PBXBuildFile; fileRef = D154CD11293E0DC700986B57 /* APIHandler.swift */; };
		D154CD14293E11BF00986B57 /* Data.swift in Sources */ = {isa = PBXBuildFile; fileRef = D154CD13293E11BF00986B57 /* Data.swift */; };
		D154CD17293F43C100986B57 /* CarCollectionViewCell.swift in Sources */ = {isa = PBXBuildFile; fileRef = D154CD15293F43C100986B57 /* CarCollectionViewCell.swift */; };
		D154CD18293F43C100986B57 /* CarCollectionViewCell.xib in Resources */ = {isa = PBXBuildFile; fileRef = D154CD16293F43C100986B57 /* CarCollectionViewCell.xib */; };
		D15794192940A59C00B2602A /* CarDeTableViewCell.swift in Sources */ = {isa = PBXBuildFile; fileRef = D15794172940A59C00B2602A /* CarDeTableViewCell.swift */; };
		D157941A2940A59C00B2602A /* CarDeTableViewCell.xib in Resources */ = {isa = PBXBuildFile; fileRef = D15794182940A59C00B2602A /* CarDeTableViewCell.xib */; };
		D15C24432940A2C9001232E7 /* CarDetailedController.swift in Sources */ = {isa = PBXBuildFile; fileRef = D15C24412940A2C9001232E7 /* CarDetailedController.swift */; };
		D190D11B292CAC6800B3E5C0 /* AppDelegate.swift in Sources */ = {isa = PBXBuildFile; fileRef = D190D11A292CAC6800B3E5C0 /* AppDelegate.swift */; };
		D190D11D292CAC6800B3E5C0 /* SceneDelegate.swift in Sources */ = {isa = PBXBuildFile; fileRef = D190D11C292CAC6800B3E5C0 /* SceneDelegate.swift */; };
		D190D11F292CAC6800B3E5C0 /* HomeViewController.swift in Sources */ = {isa = PBXBuildFile; fileRef = D190D11E292CAC6800B3E5C0 /* HomeViewController.swift */; };
		D190D122292CAC6800B3E5C0 /* Main.storyboard in Resources */ = {isa = PBXBuildFile; fileRef = D190D120292CAC6800B3E5C0 /* Main.storyboard */; };
		D190D124292CAC6900B3E5C0 /* Assets.xcassets in Resources */ = {isa = PBXBuildFile; fileRef = D190D123292CAC6900B3E5C0 /* Assets.xcassets */; };
		D190D127292CAC6900B3E5C0 /* LaunchScreen.storyboard in Resources */ = {isa = PBXBuildFile; fileRef = D190D125292CAC6900B3E5C0 /* LaunchScreen.storyboard */; };
		D190D132292CAC6900B3E5C0 /* GEELYTests.swift in Sources */ = {isa = PBXBuildFile; fileRef = D190D131292CAC6900B3E5C0 /* GEELYTests.swift */; };
		D190D13C292CAC6900B3E5C0 /* GEELYUITests.swift in Sources */ = {isa = PBXBuildFile; fileRef = D190D13B292CAC6900B3E5C0 /* GEELYUITests.swift */; };
		D190D13E292CAC6900B3E5C0 /* GEELYUITestsLaunchTests.swift in Sources */ = {isa = PBXBuildFile; fileRef = D190D13D292CAC6900B3E5C0 /* GEELYUITestsLaunchTests.swift */; };
		D190D14E292CB3E700B3E5C0 /* TabBarController.swift in Sources */ = {isa = PBXBuildFile; fileRef = D190D14D292CB3E700B3E5C0 /* TabBarController.swift */; };
		D190D150292CC3CD00B3E5C0 /* CostumTabBar.swift in Sources */ = {isa = PBXBuildFile; fileRef = D190D14F292CC3CD00B3E5C0 /* CostumTabBar.swift */; };
		D1C6FE03292E20AE00C01390 /* servicesCollViewCell1.swift in Sources */ = {isa = PBXBuildFile; fileRef = D1C6FE02292E20AE00C01390 /* servicesCollViewCell1.swift */; };
		D1C6FE0B292E3E8300C01390 /* NotoSansArabic_Condensed-Regular.ttf in Resources */ = {isa = PBXBuildFile; fileRef = D1C6FE0A292E3E8300C01390 /* NotoSansArabic_Condensed-Regular.ttf */; };
/* End PBXBuildFile section */

/* Begin PBXContainerItemProxy section */
		D190D12E292CAC6900B3E5C0 /* PBXContainerItemProxy */ = {
			isa = PBXContainerItemProxy;
			containerPortal = D190D10F292CAC6800B3E5C0 /* Project object */;
			proxyType = 1;
			remoteGlobalIDString = D190D116292CAC6800B3E5C0;
			remoteInfo = GEELY;
		};
		D190D138292CAC6900B3E5C0 /* PBXContainerItemProxy */ = {
			isa = PBXContainerItemProxy;
			containerPortal = D190D10F292CAC6800B3E5C0 /* Project object */;
			proxyType = 1;
			remoteGlobalIDString = D190D116292CAC6800B3E5C0;
			remoteInfo = GEELY;
		};
/* End PBXContainerItemProxy section */

/* Begin PBXFileReference section */
		2BFFCE88C63C87EEA23B551F /* Pods-GEELY-GEELYUITests.release.xcconfig */ = {isa = PBXFileReference; includeInIndex = 1; lastKnownFileType = text.xcconfig; name = "Pods-GEELY-GEELYUITests.release.xcconfig"; path = "Target Support Files/Pods-GEELY-GEELYUITests/Pods-GEELY-GEELYUITests.release.xcconfig"; sourceTree = "<group>"; };
		3B8988416E74DE5D946EAC33 /* Pods-GEELY.debug.xcconfig */ = {isa = PBXFileReference; includeInIndex = 1; lastKnownFileType = text.xcconfig; name = "Pods-GEELY.debug.xcconfig"; path = "Target Support Files/Pods-GEELY/Pods-GEELY.debug.xcconfig"; sourceTree = "<group>"; };
		3D55A6FDC5116FB52FE92FE0 /* Pods-GEELYTests.debug.xcconfig */ = {isa = PBXFileReference; includeInIndex = 1; lastKnownFileType = text.xcconfig; name = "Pods-GEELYTests.debug.xcconfig"; path = "Target Support Files/Pods-GEELYTests/Pods-GEELYTests.debug.xcconfig"; sourceTree = "<group>"; };
		4BAD99C8E098FBF09DE73A50 /* Pods-GEELY.release.xcconfig */ = {isa = PBXFileReference; includeInIndex = 1; lastKnownFileType = text.xcconfig; name = "Pods-GEELY.release.xcconfig"; path = "Target Support Files/Pods-GEELY/Pods-GEELY.release.xcconfig"; sourceTree = "<group>"; };
		78BB8FA711F0D79BD2AC16F4 /* Pods_GEELYTests.framework */ = {isa = PBXFileReference; explicitFileType = wrapper.framework; includeInIndex = 0; path = Pods_GEELYTests.framework; sourceTree = BUILT_PRODUCTS_DIR; };
		C5A81AABEB7DF79F677BF3E3 /* Pods_GEELY.framework */ = {isa = PBXFileReference; explicitFileType = wrapper.framework; includeInIndex = 0; path = Pods_GEELY.framework; sourceTree = BUILT_PRODUCTS_DIR; };
		C6CA181DE57E52F7CDD7C489 /* Pods_GEELY_GEELYUITests.framework */ = {isa = PBXFileReference; explicitFileType = wrapper.framework; includeInIndex = 0; path = Pods_GEELY_GEELYUITests.framework; sourceTree = BUILT_PRODUCTS_DIR; };
		D1140AD72943536C0077C9BE /* PTSerif-Regular.ttf */ = {isa = PBXFileReference; lastKnownFileType = file; name = "PTSerif-Regular.ttf"; path = "../../../../Desktop/fonts/PT_Serif/PTSerif-Regular.ttf"; sourceTree = "<group>"; };
		D154CD11293E0DC700986B57 /* APIHandler.swift */ = {isa = PBXFileReference; lastKnownFileType = sourcecode.swift; path = APIHandler.swift; sourceTree = "<group>"; };
		D154CD13293E11BF00986B57 /* Data.swift */ = {isa = PBXFileReference; lastKnownFileType = sourcecode.swift; path = Data.swift; sourceTree = "<group>"; };
		D154CD15293F43C100986B57 /* CarCollectionViewCell.swift */ = {isa = PBXFileReference; lastKnownFileType = sourcecode.swift; path = CarCollectionViewCell.swift; sourceTree = "<group>"; };
		D154CD16293F43C100986B57 /* CarCollectionViewCell.xib */ = {isa = PBXFileReference; lastKnownFileType = file.xib; path = CarCollectionViewCell.xib; sourceTree = "<group>"; };
		D15794172940A59C00B2602A /* CarDeTableViewCell.swift */ = {isa = PBXFileReference; lastKnownFileType = sourcecode.swift; path = CarDeTableViewCell.swift; sourceTree = "<group>"; };
		D15794182940A59C00B2602A /* CarDeTableViewCell.xib */ = {isa = PBXFileReference; lastKnownFileType = file.xib; path = CarDeTableViewCell.xib; sourceTree = "<group>"; };
		D15C24412940A2C9001232E7 /* CarDetailedController.swift */ = {isa = PBXFileReference; lastKnownFileType = sourcecode.swift; path = CarDetailedController.swift; sourceTree = "<group>"; };
		D190D117292CAC6800B3E5C0 /* GEELY.app */ = {isa = PBXFileReference; explicitFileType = wrapper.application; includeInIndex = 0; path = GEELY.app; sourceTree = BUILT_PRODUCTS_DIR; };
		D190D11A292CAC6800B3E5C0 /* AppDelegate.swift */ = {isa = PBXFileReference; lastKnownFileType = sourcecode.swift; path = AppDelegate.swift; sourceTree = "<group>"; };
		D190D11C292CAC6800B3E5C0 /* SceneDelegate.swift */ = {isa = PBXFileReference; lastKnownFileType = sourcecode.swift; path = SceneDelegate.swift; sourceTree = "<group>"; };
		D190D11E292CAC6800B3E5C0 /* HomeViewController.swift */ = {isa = PBXFileReference; lastKnownFileType = sourcecode.swift; path = HomeViewController.swift; sourceTree = "<group>"; };
		D190D121292CAC6800B3E5C0 /* Base */ = {isa = PBXFileReference; lastKnownFileType = file.storyboard; name = Base; path = Base.lproj/Main.storyboard; sourceTree = "<group>"; };
		D190D123292CAC6900B3E5C0 /* Assets.xcassets */ = {isa = PBXFileReference; lastKnownFileType = folder.assetcatalog; path = Assets.xcassets; sourceTree = "<group>"; };
		D190D126292CAC6900B3E5C0 /* Base */ = {isa = PBXFileReference; lastKnownFileType = file.storyboard; name = Base; path = Base.lproj/LaunchScreen.storyboard; sourceTree = "<group>"; };
		D190D128292CAC6900B3E5C0 /* Info.plist */ = {isa = PBXFileReference; lastKnownFileType = text.plist.xml; path = Info.plist; sourceTree = "<group>"; };
		D190D12D292CAC6900B3E5C0 /* GEELYTests.xctest */ = {isa = PBXFileReference; explicitFileType = wrapper.cfbundle; includeInIndex = 0; path = GEELYTests.xctest; sourceTree = BUILT_PRODUCTS_DIR; };
		D190D131292CAC6900B3E5C0 /* GEELYTests.swift */ = {isa = PBXFileReference; lastKnownFileType = sourcecode.swift; path = GEELYTests.swift; sourceTree = "<group>"; };
		D190D137292CAC6900B3E5C0 /* GEELYUITests.xctest */ = {isa = PBXFileReference; explicitFileType = wrapper.cfbundle; includeInIndex = 0; path = GEELYUITests.xctest; sourceTree = BUILT_PRODUCTS_DIR; };
		D190D13B292CAC6900B3E5C0 /* GEELYUITests.swift */ = {isa = PBXFileReference; lastKnownFileType = sourcecode.swift; path = GEELYUITests.swift; sourceTree = "<group>"; };
		D190D13D292CAC6900B3E5C0 /* GEELYUITestsLaunchTests.swift */ = {isa = PBXFileReference; lastKnownFileType = sourcecode.swift; path = GEELYUITestsLaunchTests.swift; sourceTree = "<group>"; };
		D190D14D292CB3E700B3E5C0 /* TabBarController.swift */ = {isa = PBXFileReference; lastKnownFileType = sourcecode.swift; path = TabBarController.swift; sourceTree = "<group>"; };
		D190D14F292CC3CD00B3E5C0 /* CostumTabBar.swift */ = {isa = PBXFileReference; lastKnownFileType = sourcecode.swift; path = CostumTabBar.swift; sourceTree = "<group>"; };
		D1C6FE02292E20AE00C01390 /* servicesCollViewCell1.swift */ = {isa = PBXFileReference; lastKnownFileType = sourcecode.swift; path = servicesCollViewCell1.swift; sourceTree = "<group>"; };
		D1C6FE0A292E3E8300C01390 /* NotoSansArabic_Condensed-Regular.ttf */ = {isa = PBXFileReference; lastKnownFileType = file; path = "NotoSansArabic_Condensed-Regular.ttf"; sourceTree = "<group>"; };
		E4AE6D38628BB25043ABBA27 /* Pods-GEELYTests.release.xcconfig */ = {isa = PBXFileReference; includeInIndex = 1; lastKnownFileType = text.xcconfig; name = "Pods-GEELYTests.release.xcconfig"; path = "Target Support Files/Pods-GEELYTests/Pods-GEELYTests.release.xcconfig"; sourceTree = "<group>"; };
		EDE77C3882667CCF7BD336B7 /* Pods-GEELY-GEELYUITests.debug.xcconfig */ = {isa = PBXFileReference; includeInIndex = 1; lastKnownFileType = text.xcconfig; name = "Pods-GEELY-GEELYUITests.debug.xcconfig"; path = "Target Support Files/Pods-GEELY-GEELYUITests/Pods-GEELY-GEELYUITests.debug.xcconfig"; sourceTree = "<group>"; };
/* End PBXFileReference section */

/* Begin PBXFrameworksBuildPhase section */
		D190D114292CAC6800B3E5C0 /* Frameworks */ = {
			isa = PBXFrameworksBuildPhase;
			buildActionMask = 2147483647;
			files = (
				8739077C026F1A03211000A5 /* Pods_GEELY.framework in Frameworks */,
			);
			runOnlyForDeploymentPostprocessing = 0;
		};
		D190D12A292CAC6900B3E5C0 /* Frameworks */ = {
			isa = PBXFrameworksBuildPhase;
			buildActionMask = 2147483647;
			files = (
				922CE85A4A18552D1E55876E /* Pods_GEELYTests.framework in Frameworks */,
			);
			runOnlyForDeploymentPostprocessing = 0;
		};
		D190D134292CAC6900B3E5C0 /* Frameworks */ = {
			isa = PBXFrameworksBuildPhase;
			buildActionMask = 2147483647;
			files = (
				69A624158F7F72A01082734D /* Pods_GEELY_GEELYUITests.framework in Frameworks */,
			);
			runOnlyForDeploymentPostprocessing = 0;
		};
/* End PBXFrameworksBuildPhase section */

/* Begin PBXGroup section */
		9B38A38C27C9EB5974144C66 /* Pods */ = {
			isa = PBXGroup;
			children = (
				3B8988416E74DE5D946EAC33 /* Pods-GEELY.debug.xcconfig */,
				4BAD99C8E098FBF09DE73A50 /* Pods-GEELY.release.xcconfig */,
				EDE77C3882667CCF7BD336B7 /* Pods-GEELY-GEELYUITests.debug.xcconfig */,
				2BFFCE88C63C87EEA23B551F /* Pods-GEELY-GEELYUITests.release.xcconfig */,
				3D55A6FDC5116FB52FE92FE0 /* Pods-GEELYTests.debug.xcconfig */,
				E4AE6D38628BB25043ABBA27 /* Pods-GEELYTests.release.xcconfig */,
			);
			path = Pods;
			sourceTree = "<group>";
		};
		A8A0F075989FDC75049F54BA /* Frameworks */ = {
			isa = PBXGroup;
			children = (
				C5A81AABEB7DF79F677BF3E3 /* Pods_GEELY.framework */,
				C6CA181DE57E52F7CDD7C489 /* Pods_GEELY_GEELYUITests.framework */,
				78BB8FA711F0D79BD2AC16F4 /* Pods_GEELYTests.framework */,
			);
			name = Frameworks;
			sourceTree = "<group>";
		};
		D154CD10293E0DB600986B57 /* Servcies */ = {
			isa = PBXGroup;
			children = (
				D154CD11293E0DC700986B57 /* APIHandler.swift */,
				D154CD13293E11BF00986B57 /* Data.swift */,
			);
			path = Servcies;
			sourceTree = "<group>";
		};
		D15C24402940A240001232E7 /* CarDetailed */ = {
			isa = PBXGroup;
			children = (
				D15C24412940A2C9001232E7 /* CarDetailedController.swift */,
				D15794172940A59C00B2602A /* CarDeTableViewCell.swift */,
				D15794182940A59C00B2602A /* CarDeTableViewCell.xib */,
			);
			path = CarDetailed;
			sourceTree = "<group>";
		};
		D190D10E292CAC6800B3E5C0 = {
			isa = PBXGroup;
			children = (
				D190D119292CAC6800B3E5C0 /* GEELY */,
				D190D130292CAC6900B3E5C0 /* GEELYTests */,
				D190D13A292CAC6900B3E5C0 /* GEELYUITests */,
				D190D118292CAC6800B3E5C0 /* Products */,
				9B38A38C27C9EB5974144C66 /* Pods */,
				A8A0F075989FDC75049F54BA /* Frameworks */,
			);
			sourceTree = "<group>";
		};
		D190D118292CAC6800B3E5C0 /* Products */ = {
			isa = PBXGroup;
			children = (
				D190D117292CAC6800B3E5C0 /* GEELY.app */,
				D190D12D292CAC6900B3E5C0 /* GEELYTests.xctest */,
				D190D137292CAC6900B3E5C0 /* GEELYUITests.xctest */,
			);
			name = Products;
			sourceTree = "<group>";
		};
		D190D119292CAC6800B3E5C0 /* GEELY */ = {
			isa = PBXGroup;
			children = (
				D190D11A292CAC6800B3E5C0 /* AppDelegate.swift */,
				D190D11C292CAC6800B3E5C0 /* SceneDelegate.swift */,
				D1C6FE04292E3D1E00C01390 /* fonts */,
				D154CD10293E0DB600986B57 /* Servcies */,
				D190D14A292CACED00B3E5C0 /* GeelyUI */,
				D190D123292CAC6900B3E5C0 /* Assets.xcassets */,
				D190D128292CAC6900B3E5C0 /* Info.plist */,
			);
			path = GEELY;
			sourceTree = "<group>";
		};
		D190D130292CAC6900B3E5C0 /* GEELYTests */ = {
			isa = PBXGroup;
			children = (
				D190D131292CAC6900B3E5C0 /* GEELYTests.swift */,
			);
			path = GEELYTests;
			sourceTree = "<group>";
		};
		D190D13A292CAC6900B3E5C0 /* GEELYUITests */ = {
			isa = PBXGroup;
			children = (
				D190D13B292CAC6900B3E5C0 /* GEELYUITests.swift */,
				D190D13D292CAC6900B3E5C0 /* GEELYUITestsLaunchTests.swift */,
			);
			path = GEELYUITests;
			sourceTree = "<group>";
		};
		D190D14A292CACED00B3E5C0 /* GeelyUI */ = {
			isa = PBXGroup;
			children = (
				D1C6FE01292E0F9500C01390 /* Main */,
				D190D14C292CACFF00B3E5C0 /* Home */,
				D15C24402940A240001232E7 /* CarDetailed */,
			);
			path = GeelyUI;
			sourceTree = "<group>";
		};
		D190D14C292CACFF00B3E5C0 /* Home */ = {
			isa = PBXGroup;
			children = (
				D190D11E292CAC6800B3E5C0 /* HomeViewController.swift */,
				D1C6FE02292E20AE00C01390 /* servicesCollViewCell1.swift */,
				D154CD15293F43C100986B57 /* CarCollectionViewCell.swift */,
				D154CD16293F43C100986B57 /* CarCollectionViewCell.xib */,
			);
			path = Home;
			sourceTree = "<group>";
		};
		D1C6FE01292E0F9500C01390 /* Main */ = {
			isa = PBXGroup;
			children = (
				D190D14D292CB3E700B3E5C0 /* TabBarController.swift */,
				D190D14F292CC3CD00B3E5C0 /* CostumTabBar.swift */,
				D190D125292CAC6900B3E5C0 /* LaunchScreen.storyboard */,
				D190D120292CAC6800B3E5C0 /* Main.storyboard */,
			);
			path = Main;
			sourceTree = "<group>";
		};
		D1C6FE04292E3D1E00C01390 /* fonts */ = {
			isa = PBXGroup;
			children = (
				D1C6FE0A292E3E8300C01390 /* NotoSansArabic_Condensed-Regular.ttf */,
				D1140AD72943536C0077C9BE /* PTSerif-Regular.ttf */,
			);
			path = fonts;
			sourceTree = "<group>";
		};
/* End PBXGroup section */

/* Begin PBXNativeTarget section */
		D190D116292CAC6800B3E5C0 /* GEELY */ = {
			isa = PBXNativeTarget;
			buildConfigurationList = D190D141292CAC6900B3E5C0 /* Build configuration list for PBXNativeTarget "GEELY" */;
			buildPhases = (
				4830BE15B3A1E8E191EB3EC5 /* [CP] Check Pods Manifest.lock */,
				D190D113292CAC6800B3E5C0 /* Sources */,
				D190D114292CAC6800B3E5C0 /* Frameworks */,
				D190D115292CAC6800B3E5C0 /* Resources */,
				53AFC43EB88B5622E470D270 /* [CP] Embed Pods Frameworks */,
			);
			buildRules = (
			);
			dependencies = (
			);
			name = GEELY;
			productName = GEELY;
			productReference = D190D117292CAC6800B3E5C0 /* GEELY.app */;
			productType = "com.apple.product-type.application";
		};
		D190D12C292CAC6900B3E5C0 /* GEELYTests */ = {
			isa = PBXNativeTarget;
			buildConfigurationList = D190D144292CAC6900B3E5C0 /* Build configuration list for PBXNativeTarget "GEELYTests" */;
			buildPhases = (
				38EB629E695E9F529BEF5C51 /* [CP] Check Pods Manifest.lock */,
				D190D129292CAC6900B3E5C0 /* Sources */,
				D190D12A292CAC6900B3E5C0 /* Frameworks */,
				D190D12B292CAC6900B3E5C0 /* Resources */,
				47DF092C2C4AC38ED3B29BFF /* [CP] Embed Pods Frameworks */,
			);
			buildRules = (
			);
			dependencies = (
				D190D12F292CAC6900B3E5C0 /* PBXTargetDependency */,
			);
			name = GEELYTests;
			productName = GEELYTests;
			productReference = D190D12D292CAC6900B3E5C0 /* GEELYTests.xctest */;
			productType = "com.apple.product-type.bundle.unit-test";
		};
		D190D136292CAC6900B3E5C0 /* GEELYUITests */ = {
			isa = PBXNativeTarget;
			buildConfigurationList = D190D147292CAC6900B3E5C0 /* Build configuration list for PBXNativeTarget "GEELYUITests" */;
			buildPhases = (
				AF02281D31F0271A81D843CB /* [CP] Check Pods Manifest.lock */,
				D190D133292CAC6900B3E5C0 /* Sources */,
				D190D134292CAC6900B3E5C0 /* Frameworks */,
				D190D135292CAC6900B3E5C0 /* Resources */,
				736815882DFB079C93A3983C /* [CP] Embed Pods Frameworks */,
			);
			buildRules = (
			);
			dependencies = (
				D190D139292CAC6900B3E5C0 /* PBXTargetDependency */,
			);
			name = GEELYUITests;
			productName = GEELYUITests;
			productReference = D190D137292CAC6900B3E5C0 /* GEELYUITests.xctest */;
			productType = "com.apple.product-type.bundle.ui-testing";
		};
/* End PBXNativeTarget section */

/* Begin PBXProject section */
		D190D10F292CAC6800B3E5C0 /* Project object */ = {
			isa = PBXProject;
			attributes = {
				BuildIndependentTargetsInParallel = 1;
				LastSwiftUpdateCheck = 1410;
				LastUpgradeCheck = 1410;
				TargetAttributes = {
					D190D116292CAC6800B3E5C0 = {
						CreatedOnToolsVersion = 14.1;
					};
					D190D12C292CAC6900B3E5C0 = {
						CreatedOnToolsVersion = 14.1;
						TestTargetID = D190D116292CAC6800B3E5C0;
					};
					D190D136292CAC6900B3E5C0 = {
						CreatedOnToolsVersion = 14.1;
						TestTargetID = D190D116292CAC6800B3E5C0;
					};
				};
			};
			buildConfigurationList = D190D112292CAC6800B3E5C0 /* Build configuration list for PBXProject "GEELY" */;
			compatibilityVersion = "Xcode 14.0";
			developmentRegion = en;
			hasScannedForEncodings = 0;
			knownRegions = (
				en,
				Base,
			);
			mainGroup = D190D10E292CAC6800B3E5C0;
			productRefGroup = D190D118292CAC6800B3E5C0 /* Products */;
			projectDirPath = "";
			projectRoot = "";
			targets = (
				D190D116292CAC6800B3E5C0 /* GEELY */,
				D190D12C292CAC6900B3E5C0 /* GEELYTests */,
				D190D136292CAC6900B3E5C0 /* GEELYUITests */,
			);
		};
/* End PBXProject section */

/* Begin PBXResourcesBuildPhase section */
		D190D115292CAC6800B3E5C0 /* Resources */ = {
			isa = PBXResourcesBuildPhase;
			buildActionMask = 2147483647;
			files = (
				D157941A2940A59C00B2602A /* CarDeTableViewCell.xib in Resources */,
				D190D127292CAC6900B3E5C0 /* LaunchScreen.storyboard in Resources */,
				D190D124292CAC6900B3E5C0 /* Assets.xcassets in Resources */,
				D190D122292CAC6800B3E5C0 /* Main.storyboard in Resources */,
				D1C6FE0B292E3E8300C01390 /* NotoSansArabic_Condensed-Regular.ttf in Resources */,
				D154CD18293F43C100986B57 /* CarCollectionViewCell.xib in Resources */,
			);
			runOnlyForDeploymentPostprocessing = 0;
		};
		D190D12B292CAC6900B3E5C0 /* Resources */ = {
			isa = PBXResourcesBuildPhase;
			buildActionMask = 2147483647;
			files = (
			);
			runOnlyForDeploymentPostprocessing = 0;
		};
		D190D135292CAC6900B3E5C0 /* Resources */ = {
			isa = PBXResourcesBuildPhase;
			buildActionMask = 2147483647;
			files = (
			);
			runOnlyForDeploymentPostprocessing = 0;
		};
/* End PBXResourcesBuildPhase section */

/* Begin PBXShellScriptBuildPhase section */
		38EB629E695E9F529BEF5C51 /* [CP] Check Pods Manifest.lock */ = {
			isa = PBXShellScriptBuildPhase;
			buildActionMask = 2147483647;
			files = (
			);
			inputFileListPaths = (
			);
			inputPaths = (
				"${PODS_PODFILE_DIR_PATH}/Podfile.lock",
				"${PODS_ROOT}/Manifest.lock",
			);
			name = "[CP] Check Pods Manifest.lock";
			outputFileListPaths = (
			);
			outputPaths = (
				"$(DERIVED_FILE_DIR)/Pods-GEELYTests-checkManifestLockResult.txt",
			);
			runOnlyForDeploymentPostprocessing = 0;
			shellPath = /bin/sh;
			shellScript = "diff \"${PODS_PODFILE_DIR_PATH}/Podfile.lock\" \"${PODS_ROOT}/Manifest.lock\" > /dev/null\nif [ $? != 0 ] ; then\n    # print error to STDERR\n    echo \"error: The sandbox is not in sync with the Podfile.lock. Run 'pod install' or update your CocoaPods installation.\" >&2\n    exit 1\nfi\n# This output is used by Xcode 'outputs' to avoid re-running this script phase.\necho \"SUCCESS\" > \"${SCRIPT_OUTPUT_FILE_0}\"\n";
			showEnvVarsInLog = 0;
		};
		47DF092C2C4AC38ED3B29BFF /* [CP] Embed Pods Frameworks */ = {
			isa = PBXShellScriptBuildPhase;
			buildActionMask = 2147483647;
			files = (
			);
			inputFileListPaths = (
				"${PODS_ROOT}/Target Support Files/Pods-GEELYTests/Pods-GEELYTests-frameworks-${CONFIGURATION}-input-files.xcfilelist",
			);
			name = "[CP] Embed Pods Frameworks";
			outputFileListPaths = (
				"${PODS_ROOT}/Target Support Files/Pods-GEELYTests/Pods-GEELYTests-frameworks-${CONFIGURATION}-output-files.xcfilelist",
			);
			runOnlyForDeploymentPostprocessing = 0;
			shellPath = /bin/sh;
			shellScript = "\"${PODS_ROOT}/Target Support Files/Pods-GEELYTests/Pods-GEELYTests-frameworks.sh\"\n";
			showEnvVarsInLog = 0;
		};
		4830BE15B3A1E8E191EB3EC5 /* [CP] Check Pods Manifest.lock */ = {
			isa = PBXShellScriptBuildPhase;
			buildActionMask = 2147483647;
			files = (
			);
			inputFileListPaths = (
			);
			inputPaths = (
				"${PODS_PODFILE_DIR_PATH}/Podfile.lock",
				"${PODS_ROOT}/Manifest.lock",
			);
			name = "[CP] Check Pods Manifest.lock";
			outputFileListPaths = (
			);
			outputPaths = (
				"$(DERIVED_FILE_DIR)/Pods-GEELY-checkManifestLockResult.txt",
			);
			runOnlyForDeploymentPostprocessing = 0;
			shellPath = /bin/sh;
			shellScript = "diff \"${PODS_PODFILE_DIR_PATH}/Podfile.lock\" \"${PODS_ROOT}/Manifest.lock\" > /dev/null\nif [ $? != 0 ] ; then\n    # print error to STDERR\n    echo \"error: The sandbox is not in sync with the Podfile.lock. Run 'pod install' or update your CocoaPods installation.\" >&2\n    exit 1\nfi\n# This output is used by Xcode 'outputs' to avoid re-running this script phase.\necho \"SUCCESS\" > \"${SCRIPT_OUTPUT_FILE_0}\"\n";
			showEnvVarsInLog = 0;
		};
		53AFC43EB88B5622E470D270 /* [CP] Embed Pods Frameworks */ = {
			isa = PBXShellScriptBuildPhase;
			buildActionMask = 2147483647;
			files = (
			);
			inputFileListPaths = (
				"${PODS_ROOT}/Target Support Files/Pods-GEELY/Pods-GEELY-frameworks-${CONFIGURATION}-input-files.xcfilelist",
			);
			name = "[CP] Embed Pods Frameworks";
			outputFileListPaths = (
				"${PODS_ROOT}/Target Support Files/Pods-GEELY/Pods-GEELY-frameworks-${CONFIGURATION}-output-files.xcfilelist",
			);
			runOnlyForDeploymentPostprocessing = 0;
			shellPath = /bin/sh;
			shellScript = "\"${PODS_ROOT}/Target Support Files/Pods-GEELY/Pods-GEELY-frameworks.sh\"\n";
			showEnvVarsInLog = 0;
		};
		736815882DFB079C93A3983C /* [CP] Embed Pods Frameworks */ = {
			isa = PBXShellScriptBuildPhase;
			buildActionMask = 2147483647;
			files = (
			);
			inputFileListPaths = (
				"${PODS_ROOT}/Target Support Files/Pods-GEELY-GEELYUITests/Pods-GEELY-GEELYUITests-frameworks-${CONFIGURATION}-input-files.xcfilelist",
			);
			name = "[CP] Embed Pods Frameworks";
			outputFileListPaths = (
				"${PODS_ROOT}/Target Support Files/Pods-GEELY-GEELYUITests/Pods-GEELY-GEELYUITests-frameworks-${CONFIGURATION}-output-files.xcfilelist",
			);
			runOnlyForDeploymentPostprocessing = 0;
			shellPath = /bin/sh;
			shellScript = "\"${PODS_ROOT}/Target Support Files/Pods-GEELY-GEELYUITests/Pods-GEELY-GEELYUITests-frameworks.sh\"\n";
			showEnvVarsInLog = 0;
		};
		AF02281D31F0271A81D843CB /* [CP] Check Pods Manifest.lock */ = {
			isa = PBXShellScriptBuildPhase;
			buildActionMask = 2147483647;
			files = (
			);
			inputFileListPaths = (
			);
			inputPaths = (
				"${PODS_PODFILE_DIR_PATH}/Podfile.lock",
				"${PODS_ROOT}/Manifest.lock",
			);
			name = "[CP] Check Pods Manifest.lock";
			outputFileListPaths = (
			);
			outputPaths = (
				"$(DERIVED_FILE_DIR)/Pods-GEELY-GEELYUITests-checkManifestLockResult.txt",
			);
			runOnlyForDeploymentPostprocessing = 0;
			shellPath = /bin/sh;
			shellScript = "diff \"${PODS_PODFILE_DIR_PATH}/Podfile.lock\" \"${PODS_ROOT}/Manifest.lock\" > /dev/null\nif [ $? != 0 ] ; then\n    # print error to STDERR\n    echo \"error: The sandbox is not in sync with the Podfile.lock. Run 'pod install' or update your CocoaPods installation.\" >&2\n    exit 1\nfi\n# This output is used by Xcode 'outputs' to avoid re-running this script phase.\necho \"SUCCESS\" > \"${SCRIPT_OUTPUT_FILE_0}\"\n";
			showEnvVarsInLog = 0;
		};
/* End PBXShellScriptBuildPhase section */

/* Begin PBXSourcesBuildPhase section */
		D190D113292CAC6800B3E5C0 /* Sources */ = {
			isa = PBXSourcesBuildPhase;
			buildActionMask = 2147483647;
			files = (
				D190D11F292CAC6800B3E5C0 /* HomeViewController.swift in Sources */,
				D190D11B292CAC6800B3E5C0 /* AppDelegate.swift in Sources */,
				D154CD12293E0DC700986B57 /* APIHandler.swift in Sources */,
				D190D150292CC3CD00B3E5C0 /* CostumTabBar.swift in Sources */,
				D190D14E292CB3E700B3E5C0 /* TabBarController.swift in Sources */,
				D1C6FE03292E20AE00C01390 /* servicesCollViewCell1.swift in Sources */,
				D154CD17293F43C100986B57 /* CarCollectionViewCell.swift in Sources */,
				D154CD14293E11BF00986B57 /* Data.swift in Sources */,
				D15C24432940A2C9001232E7 /* CarDetailedController.swift in Sources */,
				D190D11D292CAC6800B3E5C0 /* SceneDelegate.swift in Sources */,
				D15794192940A59C00B2602A /* CarDeTableViewCell.swift in Sources */,
			);
			runOnlyForDeploymentPostprocessing = 0;
		};
		D190D129292CAC6900B3E5C0 /* Sources */ = {
			isa = PBXSourcesBuildPhase;
			buildActionMask = 2147483647;
			files = (
				D190D132292CAC6900B3E5C0 /* GEELYTests.swift in Sources */,
			);
			runOnlyForDeploymentPostprocessing = 0;
		};
		D190D133292CAC6900B3E5C0 /* Sources */ = {
			isa = PBXSourcesBuildPhase;
			buildActionMask = 2147483647;
			files = (
				D190D13C292CAC6900B3E5C0 /* GEELYUITests.swift in Sources */,
				D190D13E292CAC6900B3E5C0 /* GEELYUITestsLaunchTests.swift in Sources */,
			);
			runOnlyForDeploymentPostprocessing = 0;
		};
/* End PBXSourcesBuildPhase section */

/* Begin PBXTargetDependency section */
		D190D12F292CAC6900B3E5C0 /* PBXTargetDependency */ = {
			isa = PBXTargetDependency;
			target = D190D116292CAC6800B3E5C0 /* GEELY */;
			targetProxy = D190D12E292CAC6900B3E5C0 /* PBXContainerItemProxy */;
		};
		D190D139292CAC6900B3E5C0 /* PBXTargetDependency */ = {
			isa = PBXTargetDependency;
			target = D190D116292CAC6800B3E5C0 /* GEELY */;
			targetProxy = D190D138292CAC6900B3E5C0 /* PBXContainerItemProxy */;
		};
/* End PBXTargetDependency section */

/* Begin PBXVariantGroup section */
		D190D120292CAC6800B3E5C0 /* Main.storyboard */ = {
			isa = PBXVariantGroup;
			children = (
				D190D121292CAC6800B3E5C0 /* Base */,
			);
			name = Main.storyboard;
			sourceTree = "<group>";
		};
		D190D125292CAC6900B3E5C0 /* LaunchScreen.storyboard */ = {
			isa = PBXVariantGroup;
			children = (
				D190D126292CAC6900B3E5C0 /* Base */,
			);
			name = LaunchScreen.storyboard;
			sourceTree = "<group>";
		};
/* End PBXVariantGroup section */

/* Begin XCBuildConfiguration section */
		D190D13F292CAC6900B3E5C0 /* Debug */ = {
			isa = XCBuildConfiguration;
			buildSettings = {
				ALWAYS_SEARCH_USER_PATHS = NO;
				CLANG_ANALYZER_NONNULL = YES;
				CLANG_ANALYZER_NUMBER_OBJECT_CONVERSION = YES_AGGRESSIVE;
				CLANG_CXX_LANGUAGE_STANDARD = "gnu++20";
				CLANG_ENABLE_MODULES = YES;
				CLANG_ENABLE_OBJC_ARC = YES;
				CLANG_ENABLE_OBJC_WEAK = YES;
				CLANG_WARN_BLOCK_CAPTURE_AUTORELEASING = YES;
				CLANG_WARN_BOOL_CONVERSION = YES;
				CLANG_WARN_COMMA = YES;
				CLANG_WARN_CONSTANT_CONVERSION = YES;
				CLANG_WARN_DEPRECATED_OBJC_IMPLEMENTATIONS = YES;
				CLANG_WARN_DIRECT_OBJC_ISA_USAGE = YES_ERROR;
				CLANG_WARN_DOCUMENTATION_COMMENTS = YES;
				CLANG_WARN_EMPTY_BODY = YES;
				CLANG_WARN_ENUM_CONVERSION = YES;
				CLANG_WARN_INFINITE_RECURSION = YES;
				CLANG_WARN_INT_CONVERSION = YES;
				CLANG_WARN_NON_LITERAL_NULL_CONVERSION = YES;
				CLANG_WARN_OBJC_IMPLICIT_RETAIN_SELF = YES;
				CLANG_WARN_OBJC_LITERAL_CONVERSION = YES;
				CLANG_WARN_OBJC_ROOT_CLASS = YES_ERROR;
				CLANG_WARN_QUOTED_INCLUDE_IN_FRAMEWORK_HEADER = YES;
				CLANG_WARN_RANGE_LOOP_ANALYSIS = YES;
				CLANG_WARN_STRICT_PROTOTYPES = YES;
				CLANG_WARN_SUSPICIOUS_MOVE = YES;
				CLANG_WARN_UNGUARDED_AVAILABILITY = YES_AGGRESSIVE;
				CLANG_WARN_UNREACHABLE_CODE = YES;
				CLANG_WARN__DUPLICATE_METHOD_MATCH = YES;
				COPY_PHASE_STRIP = NO;
				DEBUG_INFORMATION_FORMAT = dwarf;
				ENABLE_STRICT_OBJC_MSGSEND = YES;
				ENABLE_TESTABILITY = YES;
				GCC_C_LANGUAGE_STANDARD = gnu11;
				GCC_DYNAMIC_NO_PIC = NO;
				GCC_NO_COMMON_BLOCKS = YES;
				GCC_OPTIMIZATION_LEVEL = 0;
				GCC_PREPROCESSOR_DEFINITIONS = (
					"DEBUG=1",
					"$(inherited)",
				);
				GCC_WARN_64_TO_32_BIT_CONVERSION = YES;
				GCC_WARN_ABOUT_RETURN_TYPE = YES_ERROR;
				GCC_WARN_UNDECLARED_SELECTOR = YES;
				GCC_WARN_UNINITIALIZED_AUTOS = YES_AGGRESSIVE;
				GCC_WARN_UNUSED_FUNCTION = YES;
				GCC_WARN_UNUSED_VARIABLE = YES;
				IPHONEOS_DEPLOYMENT_TARGET = 16.1;
				MTL_ENABLE_DEBUG_INFO = INCLUDE_SOURCE;
				MTL_FAST_MATH = YES;
				ONLY_ACTIVE_ARCH = YES;
				SDKROOT = iphoneos;
				SWIFT_ACTIVE_COMPILATION_CONDITIONS = DEBUG;
				SWIFT_OPTIMIZATION_LEVEL = "-Onone";
			};
			name = Debug;
		};
		D190D140292CAC6900B3E5C0 /* Release */ = {
			isa = XCBuildConfiguration;
			buildSettings = {
				ALWAYS_SEARCH_USER_PATHS = NO;
				CLANG_ANALYZER_NONNULL = YES;
				CLANG_ANALYZER_NUMBER_OBJECT_CONVERSION = YES_AGGRESSIVE;
				CLANG_CXX_LANGUAGE_STANDARD = "gnu++20";
				CLANG_ENABLE_MODULES = YES;
				CLANG_ENABLE_OBJC_ARC = YES;
				CLANG_ENABLE_OBJC_WEAK = YES;
				CLANG_WARN_BLOCK_CAPTURE_AUTORELEASING = YES;
				CLANG_WARN_BOOL_CONVERSION = YES;
				CLANG_WARN_COMMA = YES;
				CLANG_WARN_CONSTANT_CONVERSION = YES;
				CLANG_WARN_DEPRECATED_OBJC_IMPLEMENTATIONS = YES;
				CLANG_WARN_DIRECT_OBJC_ISA_USAGE = YES_ERROR;
				CLANG_WARN_DOCUMENTATION_COMMENTS = YES;
				CLANG_WARN_EMPTY_BODY = YES;
				CLANG_WARN_ENUM_CONVERSION = YES;
				CLANG_WARN_INFINITE_RECURSION = YES;
				CLANG_WARN_INT_CONVERSION = YES;
				CLANG_WARN_NON_LITERAL_NULL_CONVERSION = YES;
				CLANG_WARN_OBJC_IMPLICIT_RETAIN_SELF = YES;
				CLANG_WARN_OBJC_LITERAL_CONVERSION = YES;
				CLANG_WARN_OBJC_ROOT_CLASS = YES_ERROR;
				CLANG_WARN_QUOTED_INCLUDE_IN_FRAMEWORK_HEADER = YES;
				CLANG_WARN_RANGE_LOOP_ANALYSIS = YES;
				CLANG_WARN_STRICT_PROTOTYPES = YES;
				CLANG_WARN_SUSPICIOUS_MOVE = YES;
				CLANG_WARN_UNGUARDED_AVAILABILITY = YES_AGGRESSIVE;
				CLANG_WARN_UNREACHABLE_CODE = YES;
				CLANG_WARN__DUPLICATE_METHOD_MATCH = YES;
				COPY_PHASE_STRIP = NO;
				DEBUG_INFORMATION_FORMAT = "dwarf-with-dsym";
				ENABLE_NS_ASSERTIONS = NO;
				ENABLE_STRICT_OBJC_MSGSEND = YES;
				GCC_C_LANGUAGE_STANDARD = gnu11;
				GCC_NO_COMMON_BLOCKS = YES;
				GCC_WARN_64_TO_32_BIT_CONVERSION = YES;
				GCC_WARN_ABOUT_RETURN_TYPE = YES_ERROR;
				GCC_WARN_UNDECLARED_SELECTOR = YES;
				GCC_WARN_UNINITIALIZED_AUTOS = YES_AGGRESSIVE;
				GCC_WARN_UNUSED_FUNCTION = YES;
				GCC_WARN_UNUSED_VARIABLE = YES;
				IPHONEOS_DEPLOYMENT_TARGET = 16.1;
				MTL_ENABLE_DEBUG_INFO = NO;
				MTL_FAST_MATH = YES;
				SDKROOT = iphoneos;
				SWIFT_COMPILATION_MODE = wholemodule;
				SWIFT_OPTIMIZATION_LEVEL = "-O";
				VALIDATE_PRODUCT = YES;
			};
			name = Release;
		};
		D190D142292CAC6900B3E5C0 /* Debug */ = {
			isa = XCBuildConfiguration;
			baseConfigurationReference = 3B8988416E74DE5D946EAC33 /* Pods-GEELY.debug.xcconfig */;
			buildSettings = {
				ALWAYS_EMBED_SWIFT_STANDARD_LIBRARIES = "$(inherited)";
				ASSETCATALOG_COMPILER_APPICON_NAME = AppIcon;
				ASSETCATALOG_COMPILER_GLOBAL_ACCENT_COLOR_NAME = AccentColor;
				CODE_SIGN_STYLE = Automatic;
				CURRENT_PROJECT_VERSION = 1;
				DEVELOPMENT_TEAM = 2RCRCH4WTC;
				GENERATE_INFOPLIST_FILE = YES;
				INFOPLIST_FILE = GEELY/Info.plist;
				INFOPLIST_KEY_UIApplicationSupportsIndirectInputEvents = YES;
				INFOPLIST_KEY_UILaunchStoryboardName = LaunchScreen;
				INFOPLIST_KEY_UIMainStoryboardFile = Main;
				INFOPLIST_KEY_UISupportedInterfaceOrientations = "UIInterfaceOrientationLandscapeLeft UIInterfaceOrientationLandscapeRight UIInterfaceOrientationPortrait";
				INFOPLIST_KEY_UISupportedInterfaceOrientations_iPad = "UIInterfaceOrientationLandscapeLeft UIInterfaceOrientationLandscapeRight UIInterfaceOrientationPortrait UIInterfaceOrientationPortraitUpsideDown";
				LD_RUNPATH_SEARCH_PATHS = (
					"$(inherited)",
					"@executable_path/Frameworks",
				);
				MARKETING_VERSION = 1.0;
				PRODUCT_BUNDLE_IDENTIFIER = com.tqu.GEELY;
				PRODUCT_NAME = "$(TARGET_NAME)";
				SWIFT_EMIT_LOC_STRINGS = YES;
				SWIFT_VERSION = 5.0;
				TARGETED_DEVICE_FAMILY = "1,2";
			};
			name = Debug;
		};
		D190D143292CAC6900B3E5C0 /* Release */ = {
			isa = XCBuildConfiguration;
			baseConfigurationReference = 4BAD99C8E098FBF09DE73A50 /* Pods-GEELY.release.xcconfig */;
			buildSettings = {
				ALWAYS_EMBED_SWIFT_STANDARD_LIBRARIES = "$(inherited)";
				ASSETCATALOG_COMPILER_APPICON_NAME = AppIcon;
				ASSETCATALOG_COMPILER_GLOBAL_ACCENT_COLOR_NAME = AccentColor;
				CODE_SIGN_STYLE = Automatic;
				CURRENT_PROJECT_VERSION = 1;
				DEVELOPMENT_TEAM = 2RCRCH4WTC;
				GENERATE_INFOPLIST_FILE = YES;
				INFOPLIST_FILE = GEELY/Info.plist;
				INFOPLIST_KEY_UIApplicationSupportsIndirectInputEvents = YES;
				INFOPLIST_KEY_UILaunchStoryboardName = LaunchScreen;
				INFOPLIST_KEY_UIMainStoryboardFile = Main;
				INFOPLIST_KEY_UISupportedInterfaceOrientations = "UIInterfaceOrientationLandscapeLeft UIInterfaceOrientationLandscapeRight UIInterfaceOrientationPortrait";
				INFOPLIST_KEY_UISupportedInterfaceOrientations_iPad = "UIInterfaceOrientationLandscapeLeft UIInterfaceOrientationLandscapeRight UIInterfaceOrientationPortrait UIInterfaceOrientationPortraitUpsideDown";
				LD_RUNPATH_SEARCH_PATHS = (
					"$(inherited)",
					"@executable_path/Frameworks",
				);
				MARKETING_VERSION = 1.0;
				PRODUCT_BUNDLE_IDENTIFIER = com.tqu.GEELY;
				PRODUCT_NAME = "$(TARGET_NAME)";
				SWIFT_EMIT_LOC_STRINGS = YES;
				SWIFT_VERSION = 5.0;
				TARGETED_DEVICE_FAMILY = "1,2";
			};
			name = Release;
		};
		D190D145292CAC6900B3E5C0 /* Debug */ = {
			isa = XCBuildConfiguration;
			baseConfigurationReference = 3D55A6FDC5116FB52FE92FE0 /* Pods-GEELYTests.debug.xcconfig */;
			buildSettings = {
				ALWAYS_EMBED_SWIFT_STANDARD_LIBRARIES = YES;
				BUNDLE_LOADER = "$(TEST_HOST)";
				CODE_SIGN_STYLE = Automatic;
				CURRENT_PROJECT_VERSION = 1;
				DEVELOPMENT_TEAM = 2RCRCH4WTC;
				GENERATE_INFOPLIST_FILE = YES;
				IPHONEOS_DEPLOYMENT_TARGET = 16.1;
				MARKETING_VERSION = 1.0;
				PRODUCT_BUNDLE_IDENTIFIER = com.tqu.GEELYTests;
				PRODUCT_NAME = "$(TARGET_NAME)";
				SWIFT_EMIT_LOC_STRINGS = NO;
				SWIFT_VERSION = 5.0;
				TARGETED_DEVICE_FAMILY = "1,2";
				TEST_HOST = "$(BUILT_PRODUCTS_DIR)/GEELY.app/$(BUNDLE_EXECUTABLE_FOLDER_PATH)/GEELY";
			};
			name = Debug;
		};
		D190D146292CAC6900B3E5C0 /* Release */ = {
			isa = XCBuildConfiguration;
			baseConfigurationReference = E4AE6D38628BB25043ABBA27 /* Pods-GEELYTests.release.xcconfig */;
			buildSettings = {
				ALWAYS_EMBED_SWIFT_STANDARD_LIBRARIES = YES;
				BUNDLE_LOADER = "$(TEST_HOST)";
				CODE_SIGN_STYLE = Automatic;
				CURRENT_PROJECT_VERSION = 1;
				DEVELOPMENT_TEAM = 2RCRCH4WTC;
				GENERATE_INFOPLIST_FILE = YES;
				IPHONEOS_DEPLOYMENT_TARGET = 16.1;
				MARKETING_VERSION = 1.0;
				PRODUCT_BUNDLE_IDENTIFIER = com.tqu.GEELYTests;
				PRODUCT_NAME = "$(TARGET_NAME)";
				SWIFT_EMIT_LOC_STRINGS = NO;
				SWIFT_VERSION = 5.0;
				TARGETED_DEVICE_FAMILY = "1,2";
				TEST_HOST = "$(BUILT_PRODUCTS_DIR)/GEELY.app/$(BUNDLE_EXECUTABLE_FOLDER_PATH)/GEELY";
			};
			name = Release;
		};
		D190D148292CAC6900B3E5C0 /* Debug */ = {
			isa = XCBuildConfiguration;
			baseConfigurationReference = EDE77C3882667CCF7BD336B7 /* Pods-GEELY-GEELYUITests.debug.xcconfig */;
			buildSettings = {
				ALWAYS_EMBED_SWIFT_STANDARD_LIBRARIES = YES;
				CODE_SIGN_STYLE = Automatic;
				CURRENT_PROJECT_VERSION = 1;
				DEVELOPMENT_TEAM = 2RCRCH4WTC;
				GENERATE_INFOPLIST_FILE = YES;
				MARKETING_VERSION = 1.0;
				PRODUCT_BUNDLE_IDENTIFIER = com.tqu.GEELYUITests;
				PRODUCT_NAME = "$(TARGET_NAME)";
				SWIFT_EMIT_LOC_STRINGS = NO;
				SWIFT_VERSION = 5.0;
				TARGETED_DEVICE_FAMILY = "1,2";
				TEST_TARGET_NAME = GEELY;
			};
			name = Debug;
		};
		D190D149292CAC6900B3E5C0 /* Release */ = {
			isa = XCBuildConfiguration;
			baseConfigurationReference = 2BFFCE88C63C87EEA23B551F /* Pods-GEELY-GEELYUITests.release.xcconfig */;
			buildSettings = {
				ALWAYS_EMBED_SWIFT_STANDARD_LIBRARIES = YES;
				CODE_SIGN_STYLE = Automatic;
				CURRENT_PROJECT_VERSION = 1;
				DEVELOPMENT_TEAM = 2RCRCH4WTC;
				GENERATE_INFOPLIST_FILE = YES;
				MARKETING_VERSION = 1.0;
				PRODUCT_BUNDLE_IDENTIFIER = com.tqu.GEELYUITests;
				PRODUCT_NAME = "$(TARGET_NAME)";
				SWIFT_EMIT_LOC_STRINGS = NO;
				SWIFT_VERSION = 5.0;
				TARGETED_DEVICE_FAMILY = "1,2";
				TEST_TARGET_NAME = GEELY;
			};
			name = Release;
		};
/* End XCBuildConfiguration section */

/* Begin XCConfigurationList section */
		D190D112292CAC6800B3E5C0 /* Build configuration list for PBXProject "GEELY" */ = {
			isa = XCConfigurationList;
			buildConfigurations = (
				D190D13F292CAC6900B3E5C0 /* Debug */,
				D190D140292CAC6900B3E5C0 /* Release */,
			);
			defaultConfigurationIsVisible = 0;
			defaultConfigurationName = Release;
		};
		D190D141292CAC6900B3E5C0 /* Build configuration list for PBXNativeTarget "GEELY" */ = {
			isa = XCConfigurationList;
			buildConfigurations = (
				D190D142292CAC6900B3E5C0 /* Debug */,
				D190D143292CAC6900B3E5C0 /* Release */,
			);
			defaultConfigurationIsVisible = 0;
			defaultConfigurationName = Release;
		};
		D190D144292CAC6900B3E5C0 /* Build configuration list for PBXNativeTarget "GEELYTests" */ = {
			isa = XCConfigurationList;
			buildConfigurations = (
				D190D145292CAC6900B3E5C0 /* Debug */,
				D190D146292CAC6900B3E5C0 /* Release */,
			);
			defaultConfigurationIsVisible = 0;
			defaultConfigurationName = Release;
		};
		D190D147292CAC6900B3E5C0 /* Build configuration list for PBXNativeTarget "GEELYUITests" */ = {
			isa = XCConfigurationList;
			buildConfigurations = (
				D190D148292CAC6900B3E5C0 /* Debug */,
				D190D149292CAC6900B3E5C0 /* Release */,
			);
			defaultConfigurationIsVisible = 0;
			defaultConfigurationName = Release;
		};
/* End XCConfigurationList section */
	};
	rootObject = D190D10F292CAC6800B3E5C0 /* Project object */;
}
